
Microsoft Visual Studio Solution File, Format Version 12.00
# Visual Studio 2012
Project("{FAE04EC0-301F-11D3-BF4B-00C04F79EFBC}") = "SingleEntry", "SingleEntry\SingleEntry.csproj", "{245935B9-F3DE-4113-B041-24E76E3354B2}"
EndProject
Project("{FAE04EC0-301F-11D3-BF4B-00C04F79EFBC}") = "SingleEntry.UITests", "SingleEntry.UITests\SingleEntry.UITests.csproj", "{DC3C08B5-139F-4025-93B0-0AF2E164C7BD}"
EndProject
Global
	GlobalSection(SolutionConfigurationPlatforms) = preSolution
		Debug|Any CPU = Debug|Any CPU
		Release|Any CPU = Release|Any CPU
	EndGlobalSection
	GlobalSection(ProjectConfigurationPlatforms) = postSolution
		{245935B9-F3DE-4113-B041-24E76E3354B2}.Debug|Any CPU.ActiveCfg = Debug|Any CPU
		{245935B9-F3DE-4113-B041-24E76E3354B2}.Debug|Any CPU.Build.0 = Debug|Any CPU
		{245935B9-F3DE-4113-B041-24E76E3354B2}.Release|Any CPU.ActiveCfg = Release|Any CPU
		{245935B9-F3DE-4113-B041-24E76E3354B2}.Release|Any CPU.Build.0 = Release|Any CPU
		{DC3C08B5-139F-4025-93B0-0AF2E164C7BD}.Debug|Any CPU.ActiveCfg = Debug|Any CPU
		{DC3C08B5-139F-4025-93B0-0AF2E164C7BD}.Debug|Any CPU.Build.0 = Debug|Any CPU
		{DC3C08B5-139F-4025-93B0-0AF2E164C7BD}.Release|Any CPU.ActiveCfg = Release|Any CPU
		{DC3C08B5-139F-4025-93B0-0AF2E164C7BD}.Release|Any CPU.Build.0 = Release|Any CPU
	EndGlobalSection
	GlobalSection(MonoDevelopProperties) = preSolution
		version = 0.2
	EndGlobalSection
EndGlobal
